
Microsoft Visual Studio Solution File, Format Version 12.00
# Visual Studio Version 16
VisualStudioVersion = 16.0.29424.173
MinimumVisualStudioVersion = 10.0.40219.1
Project("{9A19103F-16F7-4668-BE54-9A1E7A4F7556}") = "IdentityDemo2", "IdentityDemo2\IdentityDemo2.csproj", "{0D751858-3EBF-442A-87A3-B1527D1FECD5}"
EndProject
Global
	GlobalSection(SolutionConfigurationPlatforms) = preSolution
		Debug|Any CPU = Debug|Any CPU
		Release|Any CPU = Release|Any CPU
	EndGlobalSection
	GlobalSection(ProjectConfigurationPlatforms) = postSolution
		{0D751858-3EBF-442A-87A3-B1527D1FECD5}.Debug|Any CPU.ActiveCfg = Debug|Any CPU
		{0D751858-3EBF-442A-87A3-B1527D1FECD5}.Debug|Any CPU.Build.0 = Debug|Any CPU
		{0D751858-3EBF-442A-87A3-B1527D1FECD5}.Release|Any CPU.ActiveCfg = Release|Any CPU
		{0D751858-3EBF-442A-87A3-B1527D1FECD5}.Release|Any CPU.Build.0 = Release|Any CPU
	EndGlobalSection
	GlobalSection(SolutionProperties) = preSolution
		HideSolutionNode = FALSE
	EndGlobalSection
	GlobalSection(ExtensibilityGlobals) = postSolution
		SolutionGuid = {F2571494-1703-4809-92FB-4C07BFB984F9}
	EndGlobalSection
EndGlobal
